// !$*UTF8*$!
{
	archiveVersion = 1;
	classes = {
	};
	objectVersion = 48;
	objects = {

/* Begin PBXBuildFile section */
		F7BFAD6B20619BF90002CE09 /* AppDelegate.swift in Sources */ = {isa = PBXBuildFile; fileRef = F7BFAD6A20619BF90002CE09 /* AppDelegate.swift */; };
		F7BFAD6D20619BF90002CE09 /* CategoriesVC.swift in Sources */ = {isa = PBXBuildFile; fileRef = F7BFAD6C20619BF90002CE09 /* CategoriesVC.swift */; };
		F7BFAD7020619BF90002CE09 /* Main.storyboard in Resources */ = {isa = PBXBuildFile; fileRef = F7BFAD6E20619BF90002CE09 /* Main.storyboard */; };
		F7BFAD7220619BF90002CE09 /* Assets.xcassets in Resources */ = {isa = PBXBuildFile; fileRef = F7BFAD7120619BF90002CE09 /* Assets.xcassets */; };
		F7BFAD7520619BF90002CE09 /* LaunchScreen.storyboard in Resources */ = {isa = PBXBuildFile; fileRef = F7BFAD7320619BF90002CE09 /* LaunchScreen.storyboard */; };
		F7BFAD802061A5D40002CE09 /* CategoryCell.swift in Sources */ = {isa = PBXBuildFile; fileRef = F7BFAD7F2061A5D40002CE09 /* CategoryCell.swift */; };
		F7BFAD822061BB6B0002CE09 /* Category.swift in Sources */ = {isa = PBXBuildFile; fileRef = F7BFAD812061BB6B0002CE09 /* Category.swift */; };
		F7BFAD852061BD050002CE09 /* DataService.swift in Sources */ = {isa = PBXBuildFile; fileRef = F7BFAD842061BD050002CE09 /* DataService.swift */; };
/* End PBXBuildFile section */

/* Begin PBXFileReference section */
		F7BFAD6720619BF90002CE09 /* CoderSwag.app */ = {isa = PBXFileReference; explicitFileType = wrapper.application; includeInIndex = 0; path = CoderSwag.app; sourceTree = BUILT_PRODUCTS_DIR; };
		F7BFAD6A20619BF90002CE09 /* AppDelegate.swift */ = {isa = PBXFileReference; lastKnownFileType = sourcecode.swift; path = AppDelegate.swift; sourceTree = "<group>"; };
		F7BFAD6C20619BF90002CE09 /* CategoriesVC.swift */ = {isa = PBXFileReference; lastKnownFileType = sourcecode.swift; path = CategoriesVC.swift; sourceTree = "<group>"; };
		F7BFAD6F20619BF90002CE09 /* Base */ = {isa = PBXFileReference; lastKnownFileType = file.storyboard; name = Base; path = Base.lproj/Main.storyboard; sourceTree = "<group>"; };
		F7BFAD7120619BF90002CE09 /* Assets.xcassets */ = {isa = PBXFileReference; lastKnownFileType = folder.assetcatalog; path = Assets.xcassets; sourceTree = "<group>"; };
		F7BFAD7420619BF90002CE09 /* Base */ = {isa = PBXFileReference; lastKnownFileType = file.storyboard; name = Base; path = Base.lproj/LaunchScreen.storyboard; sourceTree = "<group>"; };
		F7BFAD7620619BF90002CE09 /* Info.plist */ = {isa = PBXFileReference; lastKnownFileType = text.plist.xml; path = Info.plist; sourceTree = "<group>"; };
		F7BFAD7F2061A5D40002CE09 /* CategoryCell.swift */ = {isa = PBXFileReference; lastKnownFileType = sourcecode.swift; path = CategoryCell.swift; sourceTree = "<group>"; };
		F7BFAD812061BB6B0002CE09 /* Category.swift */ = {isa = PBXFileReference; lastKnownFileType = sourcecode.swift; path = Category.swift; sourceTree = "<group>"; };
		F7BFAD842061BD050002CE09 /* DataService.swift */ = {isa = PBXFileReference; lastKnownFileType = sourcecode.swift; path = DataService.swift; sourceTree = "<group>"; };
/* End PBXFileReference section */

/* Begin PBXFrameworksBuildPhase section */
		F7BFAD6420619BF90002CE09 /* Frameworks */ = {
			isa = PBXFrameworksBuildPhase;
			buildActionMask = 2147483647;
			files = (
			);
			runOnlyForDeploymentPostprocessing = 0;
		};
/* End PBXFrameworksBuildPhase section */

/* Begin PBXGroup section */
		F7BFAD5E20619BF90002CE09 = {
			isa = PBXGroup;
			children = (
				F7BFAD6920619BF90002CE09 /* CoderSwag */,
				F7BFAD6820619BF90002CE09 /* Products */,
			);
			sourceTree = "<group>";
		};
		F7BFAD6820619BF90002CE09 /* Products */ = {
			isa = PBXGroup;
			children = (
				F7BFAD6720619BF90002CE09 /* CoderSwag.app */,
			);
			name = Products;
			sourceTree = "<group>";
		};
		F7BFAD6920619BF90002CE09 /* CoderSwag */ = {
			isa = PBXGroup;
			children = (
				F7BFAD832061BCF10002CE09 /* Services */,
				F7BFAD7D2061A55C0002CE09 /* Model */,
				F7BFAD7C20619CBD0002CE09 /* View */,
				F7BFAD7E2061A5620002CE09 /* Controller */,
				F7BFAD6A20619BF90002CE09 /* AppDelegate.swift */,
				F7BFAD6E20619BF90002CE09 /* Main.storyboard */,
				F7BFAD7120619BF90002CE09 /* Assets.xcassets */,
				F7BFAD7320619BF90002CE09 /* LaunchScreen.storyboard */,
				F7BFAD7620619BF90002CE09 /* Info.plist */,
			);
			path = CoderSwag;
			sourceTree = "<group>";
		};
		F7BFAD7C20619CBD0002CE09 /* View */ = {
			isa = PBXGroup;
			children = (
				F7BFAD7F2061A5D40002CE09 /* CategoryCell.swift */,
			);
			path = View;
			sourceTree = "<group>";
		};
		F7BFAD7D2061A55C0002CE09 /* Model */ = {
			isa = PBXGroup;
			children = (
				F7BFAD812061BB6B0002CE09 /* Category.swift */,
			);
			path = Model;
			sourceTree = "<group>";
		};
		F7BFAD7E2061A5620002CE09 /* Controller */ = {
			isa = PBXGroup;
			children = (
				F7BFAD6C20619BF90002CE09 /* CategoriesVC.swift */,
			);
			path = Controller;
			sourceTree = "<group>";
		};
		F7BFAD832061BCF10002CE09 /* Services */ = {
			isa = PBXGroup;
			children = (
				F7BFAD842061BD050002CE09 /* DataService.swift */,
			);
			path = Services;
			sourceTree = "<group>";
		};
/* End PBXGroup section */

/* Begin PBXNativeTarget section */
		F7BFAD6620619BF90002CE09 /* CoderSwag */ = {
			isa = PBXNativeTarget;
			buildConfigurationList = F7BFAD7920619BF90002CE09 /* Build configuration list for PBXNativeTarget "CoderSwag" */;
			buildPhases = (
				F7BFAD6320619BF90002CE09 /* Sources */,
				F7BFAD6420619BF90002CE09 /* Frameworks */,
				F7BFAD6520619BF90002CE09 /* Resources */,
			);
			buildRules = (
			);
			dependencies = (
			);
			name = CoderSwag;
			productName = CoderSwag;
			productReference = F7BFAD6720619BF90002CE09 /* CoderSwag.app */;
			productType = "com.apple.product-type.application";
		};
/* End PBXNativeTarget section */

/* Begin PBXProject section */
		F7BFAD5F20619BF90002CE09 /* Project object */ = {
			isa = PBXProject;
			attributes = {
				LastSwiftUpdateCheck = 0920;
				LastUpgradeCheck = 0920;
				ORGANIZATIONNAME = "Landon Carr";
				TargetAttributes = {
					F7BFAD6620619BF90002CE09 = {
						CreatedOnToolsVersion = 9.2;
						ProvisioningStyle = Automatic;
					};
				};
			};
			buildConfigurationList = F7BFAD6220619BF90002CE09 /* Build configuration list for PBXProject "CoderSwag" */;
			compatibilityVersion = "Xcode 8.0";
			developmentRegion = en;
			hasScannedForEncodings = 0;
			knownRegions = (
				en,
				Base,
			);
			mainGroup = F7BFAD5E20619BF90002CE09;
			productRefGroup = F7BFAD6820619BF90002CE09 /* Products */;
			projectDirPath = "";
			projectRoot = "";
			targets = (
				F7BFAD6620619BF90002CE09 /* CoderSwag */,
			);
		};
/* End PBXProject section */

/* Begin PBXResourcesBuildPhase section */
		F7BFAD6520619BF90002CE09 /* Resources */ = {
			isa = PBXResourcesBuildPhase;
			buildActionMask = 2147483647;
			files = (
				F7BFAD7520619BF90002CE09 /* LaunchScreen.storyboard in Resources */,
				F7BFAD7220619BF90002CE09 /* Assets.xcassets in Resources */,
				F7BFAD7020619BF90002CE09 /* Main.storyboard in Resources */,
			);
			runOnlyForDeploymentPostprocessing = 0;
		};
/* End PBXResourcesBuildPhase section */

/* Begin PBXSourcesBuildPhase section */
		F7BFAD6320619BF90002CE09 /* Sources */ = {
			isa = PBXSourcesBuildPhase;
			buildActionMask = 2147483647;
			files = (
				F7BFAD6D20619BF90002CE09 /* CategoriesVC.swift in Sources */,
				F7BFAD6B20619BF90002CE09 /* AppDelegate.swift in Sources */,
				F7BFAD802061A5D40002CE09 /* CategoryCell.swift in Sources */,
				F7BFAD822061BB6B0002CE09 /* Category.swift in Sources */,
				F7BFAD852061BD050002CE09 /* DataService.swift in Sources */,
			);
			runOnlyForDeploymentPostprocessing = 0;
		};
/* End PBXSourcesBuildPhase section */

/* Begin PBXVariantGroup section */
		F7BFAD6E20619BF90002CE09 /* Main.storyboard */ = {
			isa = PBXVariantGroup;
			children = (
				F7BFAD6F20619BF90002CE09 /* Base */,
			);
			name = Main.storyboard;
			sourceTree = "<group>";
		};
		F7BFAD7320619BF90002CE09 /* LaunchScreen.storyboard */ = {
			isa = PBXVariantGroup;
			children = (
				F7BFAD7420619BF90002CE09 /* Base */,
			);
			name = LaunchScreen.storyboard;
			sourceTree = "<group>";
		};
/* End PBXVariantGroup section */

/* Begin XCBuildConfiguration section */
		F7BFAD7720619BF90002CE09 /* Debug */ = {
			isa = XCBuildConfiguration;
			buildSettings = {
				ALWAYS_SEARCH_USER_PATHS = NO;
				CLANG_ANALYZER_NONNULL = YES;
				CLANG_ANALYZER_NUMBER_OBJECT_CONVERSION = YES_AGGRESSIVE;
				CLANG_CXX_LANGUAGE_STANDARD = "gnu++14";
				CLANG_CXX_LIBRARY = "libc++";
				CLANG_ENABLE_MODULES = YES;
				CLANG_ENABLE_OBJC_ARC = YES;
				CLANG_WARN_BLOCK_CAPTURE_AUTORELEASING = YES;
				CLANG_WARN_BOOL_CONVERSION = YES;
				CLANG_WARN_COMMA = YES;
				CLANG_WARN_CONSTANT_CONVERSION = YES;
				CLANG_WARN_DIRECT_OBJC_ISA_USAGE = YES_ERROR;
				CLANG_WARN_DOCUMENTATION_COMMENTS = YES;
				CLANG_WARN_EMPTY_BODY = YES;
				CLANG_WARN_ENUM_CONVERSION = YES;
				CLANG_WARN_INFINITE_RECURSION = YES;
				CLANG_WARN_INT_CONVERSION = YES;
				CLANG_WARN_NON_LITERAL_NULL_CONVERSION = YES;
				CLANG_WARN_OBJC_LITERAL_CONVERSION = YES;
				CLANG_WARN_OBJC_ROOT_CLASS = YES_ERROR;
				CLANG_WARN_RANGE_LOOP_ANALYSIS = YES;
				CLANG_WARN_STRICT_PROTOTYPES = YES;
				CLANG_WARN_SUSPICIOUS_MOVE = YES;
				CLANG_WARN_UNGUARDED_AVAILABILITY = YES_AGGRESSIVE;
				CLANG_WARN_UNREACHABLE_CODE = YES;
				CLANG_WARN__DUPLICATE_METHOD_MATCH = YES;
				CODE_SIGN_IDENTITY = "iPhone Developer";
				COPY_PHASE_STRIP = NO;
				DEBUG_INFORMATION_FORMAT = dwarf;
				ENABLE_STRICT_OBJC_MSGSEND = YES;
				ENABLE_TESTABILITY = YES;
				GCC_C_LANGUAGE_STANDARD = gnu11;
				GCC_DYNAMIC_NO_PIC = NO;
				GCC_NO_COMMON_BLOCKS = YES;
				GCC_OPTIMIZATION_LEVEL = 0;
				GCC_PREPROCESSOR_DEFINITIONS = (
					"DEBUG=1",
					"$(inherited)",
				);
				GCC_WARN_64_TO_32_BIT_CONVERSION = YES;
				GCC_WARN_ABOUT_RETURN_TYPE = YES_ERROR;
				GCC_WARN_UNDECLARED_SELECTOR = YES;
				GCC_WARN_UNINITIALIZED_AUTOS = YES_AGGRESSIVE;
				GCC_WARN_UNUSED_FUNCTION = YES;
				GCC_WARN_UNUSED_VARIABLE = YES;
				IPHONEOS_DEPLOYMENT_TARGET = 11.2;
				MTL_ENABLE_DEBUG_INFO = YES;
				ONLY_ACTIVE_ARCH = YES;
				SDKROOT = iphoneos;
				SWIFT_ACTIVE_COMPILATION_CONDITIONS = DEBUG;
				SWIFT_OPTIMIZATION_LEVEL = "-Onone";
			};
			name = Debug;
		};
		F7BFAD7820619BF90002CE09 /* Release */ = {
			isa = XCBuildConfiguration;
			buildSettings = {
				ALWAYS_SEARCH_USER_PATHS = NO;
				CLANG_ANALYZER_NONNULL = YES;
				CLANG_ANALYZER_NUMBER_OBJECT_CONVERSION = YES_AGGRESSIVE;
				CLANG_CXX_LANGUAGE_STANDARD = "gnu++14";
				CLANG_CXX_LIBRARY = "libc++";
				CLANG_ENABLE_MODULES = YES;
				CLANG_ENABLE_OBJC_ARC = YES;
				CLANG_WARN_BLOCK_CAPTURE_AUTORELEASING = YES;
				CLANG_WARN_BOOL_CONVERSION = YES;
				CLANG_WARN_COMMA = YES;
				CLANG_WARN_CONSTANT_CONVERSION = YES;
				CLANG_WARN_DIRECT_OBJC_ISA_USAGE = YES_ERROR;
				CLANG_WARN_DOCUMENTATION_COMMENTS = YES;
				CLANG_WARN_EMPTY_BODY = YES;
				CLANG_WARN_ENUM_CONVERSION = YES;
				CLANG_WARN_INFINITE_RECURSION = YES;
				CLANG_WARN_INT_CONVERSION = YES;
				CLANG_WARN_NON_LITERAL_NULL_CONVERSION = YES;
				CLANG_WARN_OBJC_LITERAL_CONVERSION = YES;
				CLANG_WARN_OBJC_ROOT_CLASS = YES_ERROR;
				CLANG_WARN_RANGE_LOOP_ANALYSIS = YES;
				CLANG_WARN_STRICT_PROTOTYPES = YES;
				CLANG_WARN_SUSPICIOUS_MOVE = YES;
				CLANG_WARN_UNGUARDED_AVAILABILITY = YES_AGGRESSIVE;
				CLANG_WARN_UNREACHABLE_CODE = YES;
				CLANG_WARN__DUPLICATE_METHOD_MATCH = YES;
				CODE_SIGN_IDENTITY = "iPhone Developer";
				COPY_PHASE_STRIP = NO;
				DEBUG_INFORMATION_FORMAT = "dwarf-with-dsym";
				ENABLE_NS_ASSERTIONS = NO;
				ENABLE_STRICT_OBJC_MSGSEND = YES;
				GCC_C_LANGUAGE_STANDARD = gnu11;
				GCC_NO_COMMON_BLOCKS = YES;
				GCC_WARN_64_TO_32_BIT_CONVERSION = YES;
				GCC_WARN_ABOUT_RETURN_TYPE = YES_ERROR;
				GCC_WARN_UNDECLARED_SELECTOR = YES;
				GCC_WARN_UNINITIALIZED_AUTOS = YES_AGGRESSIVE;
				GCC_WARN_UNUSED_FUNCTION = YES;
				GCC_WARN_UNUSED_VARIABLE = YES;
				IPHONEOS_DEPLOYMENT_TARGET = 11.2;
				MTL_ENABLE_DEBUG_INFO = NO;
				SDKROOT = iphoneos;
				SWIFT_OPTIMIZATION_LEVEL = "-Owholemodule";
				VALIDATE_PRODUCT = YES;
			};
			name = Release;
		};
		F7BFAD7A20619BF90002CE09 /* Debug */ = {
			isa = XCBuildConfiguration;
			buildSettings = {
				ASSETCATALOG_COMPILER_APPICON_NAME = AppIcon;
				CODE_SIGN_STYLE = Automatic;
				INFOPLIST_FILE = CoderSwag/Info.plist;
				LD_RUNPATH_SEARCH_PATHS = "$(inherited) @executable_path/Frameworks";
				PRODUCT_BUNDLE_IDENTIFIER = development.CoderSwag;
				PRODUCT_NAME = "$(TARGET_NAME)";
				SWIFT_VERSION = 4.0;
				TARGETED_DEVICE_FAMILY = "1,2";
			};
			name = Debug;
		};
		F7BFAD7B20619BF90002CE09 /* Release */ = {
			isa = XCBuildConfiguration;
			buildSettings = {
				ASSETCATALOG_COMPILER_APPICON_NAME = AppIcon;
				CODE_SIGN_STYLE = Automatic;
				INFOPLIST_FILE = CoderSwag/Info.plist;
				LD_RUNPATH_SEARCH_PATHS = "$(inherited) @executable_path/Frameworks";
				PRODUCT_BUNDLE_IDENTIFIER = development.CoderSwag;
				PRODUCT_NAME = "$(TARGET_NAME)";
				SWIFT_VERSION = 4.0;
				TARGETED_DEVICE_FAMILY = "1,2";
			};
			name = Release;
		};
/* End XCBuildConfiguration section */

/* Begin XCConfigurationList section */
		F7BFAD6220619BF90002CE09 /* Build configuration list for PBXProject "CoderSwag" */ = {
			isa = XCConfigurationList;
			buildConfigurations = (
				F7BFAD7720619BF90002CE09 /* Debug */,
				F7BFAD7820619BF90002CE09 /* Release */,
			);
			defaultConfigurationIsVisible = 0;
			defaultConfigurationName = Release;
		};
		F7BFAD7920619BF90002CE09 /* Build configuration list for PBXNativeTarget "CoderSwag" */ = {
			isa = XCConfigurationList;
			buildConfigurations = (
				F7BFAD7A20619BF90002CE09 /* Debug */,
				F7BFAD7B20619BF90002CE09 /* Release */,
			);
			defaultConfigurationIsVisible = 0;
			defaultConfigurationName = Release;
		};
/* End XCConfigurationList section */
	};
	rootObject = F7BFAD5F20619BF90002CE09 /* Project object */;
}
